
Microsoft Visual Studio Solution File, Format Version 12.00
# Visual Studio Version 17
VisualStudioVersion = 17.0.31903.59
MinimumVisualStudioVersion = 10.0.40219.1
Project("{FAE04EC0-301F-11D3-BF4B-00C04F79EFBC}") = "API", "API\API.csproj", "{AECB420F-1567-4B35-9AC1-05169539F924}"
EndProject
Project("{FAE04EC0-301F-11D3-BF4B-00C04F79EFBC}") = "Core", "Core\Core.csproj", "{A304985B-D71A-4FAE-8624-252BE1E83E1A}"
EndProject
Project("{FAE04EC0-301F-11D3-BF4B-00C04F79EFBC}") = "Infrastructure", "Infrastructure\Infrastructure.csproj", "{580D5810-0C61-49C8-BEE3-1817ADF5E3E3}"
EndProject
Global
	GlobalSection(SolutionConfigurationPlatforms) = preSolution
		Debug|Any CPU = Debug|Any CPU
		Debug|x64 = Debug|x64
		Debug|x86 = Debug|x86
		Release|Any CPU = Release|Any CPU
		Release|x64 = Release|x64
		Release|x86 = Release|x86
	EndGlobalSection
	GlobalSection(ProjectConfigurationPlatforms) = postSolution
		{AECB420F-1567-4B35-9AC1-05169539F924}.Debug|Any CPU.ActiveCfg = Debug|Any CPU
		{AECB420F-1567-4B35-9AC1-05169539F924}.Debug|Any CPU.Build.0 = Debug|Any CPU
		{AECB420F-1567-4B35-9AC1-05169539F924}.Debug|x64.ActiveCfg = Debug|Any CPU
		{AECB420F-1567-4B35-9AC1-05169539F924}.Debug|x64.Build.0 = Debug|Any CPU
		{AECB420F-1567-4B35-9AC1-05169539F924}.Debug|x86.ActiveCfg = Debug|Any CPU
		{AECB420F-1567-4B35-9AC1-05169539F924}.Debug|x86.Build.0 = Debug|Any CPU
		{AECB420F-1567-4B35-9AC1-05169539F924}.Release|Any CPU.ActiveCfg = Release|Any CPU
		{AECB420F-1567-4B35-9AC1-05169539F924}.Release|Any CPU.Build.0 = Release|Any CPU
		{AECB420F-1567-4B35-9AC1-05169539F924}.Release|x64.ActiveCfg = Release|Any CPU
		{AECB420F-1567-4B35-9AC1-05169539F924}.Release|x64.Build.0 = Release|Any CPU
		{AECB420F-1567-4B35-9AC1-05169539F924}.Release|x86.ActiveCfg = Release|Any CPU
		{AECB420F-1567-4B35-9AC1-05169539F924}.Release|x86.Build.0 = Release|Any CPU
		{A304985B-D71A-4FAE-8624-252BE1E83E1A}.Debug|Any CPU.ActiveCfg = Debug|Any CPU
		{A304985B-D71A-4FAE-8624-252BE1E83E1A}.Debug|Any CPU.Build.0 = Debug|Any CPU
		{A304985B-D71A-4FAE-8624-252BE1E83E1A}.Debug|x64.ActiveCfg = Debug|Any CPU
		{A304985B-D71A-4FAE-8624-252BE1E83E1A}.Debug|x64.Build.0 = Debug|Any CPU
		{A304985B-D71A-4FAE-8624-252BE1E83E1A}.Debug|x86.ActiveCfg = Debug|Any CPU
		{A304985B-D71A-4FAE-8624-252BE1E83E1A}.Debug|x86.Build.0 = Debug|Any CPU
		{A304985B-D71A-4FAE-8624-252BE1E83E1A}.Release|Any CPU.ActiveCfg = Release|Any CPU
		{A304985B-D71A-4FAE-8624-252BE1E83E1A}.Release|Any CPU.Build.0 = Release|Any CPU
		{A304985B-D71A-4FAE-8624-252BE1E83E1A}.Release|x64.ActiveCfg = Release|Any CPU
		{A304985B-D71A-4FAE-8624-252BE1E83E1A}.Release|x64.Build.0 = Release|Any CPU
		{A304985B-D71A-4FAE-8624-252BE1E83E1A}.Release|x86.ActiveCfg = Release|Any CPU
		{A304985B-D71A-4FAE-8624-252BE1E83E1A}.Release|x86.Build.0 = Release|Any CPU
		{580D5810-0C61-49C8-BEE3-1817ADF5E3E3}.Debug|Any CPU.ActiveCfg = Debug|Any CPU
		{580D5810-0C61-49C8-BEE3-1817ADF5E3E3}.Debug|Any CPU.Build.0 = Debug|Any CPU
		{580D5810-0C61-49C8-BEE3-1817ADF5E3E3}.Debug|x64.ActiveCfg = Debug|Any CPU
		{580D5810-0C61-49C8-BEE3-1817ADF5E3E3}.Debug|x64.Build.0 = Debug|Any CPU
		{580D5810-0C61-49C8-BEE3-1817ADF5E3E3}.Debug|x86.ActiveCfg = Debug|Any CPU
		{580D5810-0C61-49C8-BEE3-1817ADF5E3E3}.Debug|x86.Build.0 = Debug|Any CPU
		{580D5810-0C61-49C8-BEE3-1817ADF5E3E3}.Release|Any CPU.ActiveCfg = Release|Any CPU
		{580D5810-0C61-49C8-BEE3-1817ADF5E3E3}.Release|Any CPU.Build.0 = Release|Any CPU
		{580D5810-0C61-49C8-BEE3-1817ADF5E3E3}.Release|x64.ActiveCfg = Release|Any CPU
		{580D5810-0C61-49C8-BEE3-1817ADF5E3E3}.Release|x64.Build.0 = Release|Any CPU
		{580D5810-0C61-49C8-BEE3-1817ADF5E3E3}.Release|x86.ActiveCfg = Release|Any CPU
		{580D5810-0C61-49C8-BEE3-1817ADF5E3E3}.Release|x86.Build.0 = Release|Any CPU
	EndGlobalSection
	GlobalSection(SolutionProperties) = preSolution
		HideSolutionNode = FALSE
	EndGlobalSection
EndGlobal
